// !$*UTF8*$!
{
	archiveVersion = 1;
	classes = {
	};
	objectVersion = 46;
	objects = {

/* Begin PBXBuildFile section */
		96B5DF7A1DBADCA600A15DCE /* AppDelegate.swift in Sources */ = {isa = PBXBuildFile; fileRef = 96B5DF5D1DBADCA600A15DCE /* AppDelegate.swift */; };
		96B5DF7B1DBADCA600A15DCE /* AppToolbarController.swift in Sources */ = {isa = PBXBuildFile; fileRef = 96B5DF5E1DBADCA600A15DCE /* AppToolbarController.swift */; };
		96B5DF7D1DBADCA600A15DCE /* Assets.xcassets in Resources */ = {isa = PBXBuildFile; fileRef = 96B5DF601DBADCA600A15DCE /* Assets.xcassets */; };
		96B5DF7E1DBADCA600A15DCE /* LaunchScreen.storyboard in Resources */ = {isa = PBXBuildFile; fileRef = 96B5DF611DBADCA600A15DCE /* LaunchScreen.storyboard */; };
		96B5DF841DBADCA600A15DCE /* CardTableView.swift in Sources */ = {isa = PBXBuildFile; fileRef = 96B5DF691DBADCA600A15DCE /* CardTableView.swift */; };
		96B5DF851DBADCA600A15DCE /* CardTableViewCell.swift in Sources */ = {isa = PBXBuildFile; fileRef = 96B5DF6A1DBADCA600A15DCE /* CardTableViewCell.swift */; };
		96B5DF861DBADCA600A15DCE /* Info.plist in Resources */ = {isa = PBXBuildFile; fileRef = 96B5DF6B1DBADCA600A15DCE /* Info.plist */; };
		96B5DF8D1DBADCA600A15DCE /* photo1.jpg in Resources */ = {isa = PBXBuildFile; fileRef = 96B5DF721DBADCA600A15DCE /* photo1.jpg */; };
		96B5DF8E1DBADCA600A15DCE /* photo2.jpg in Resources */ = {isa = PBXBuildFile; fileRef = 96B5DF731DBADCA600A15DCE /* photo2.jpg */; };
		96B5DF8F1DBADCA600A15DCE /* photo3.jpg in Resources */ = {isa = PBXBuildFile; fileRef = 96B5DF741DBADCA600A15DCE /* photo3.jpg */; };
		96B5DF901DBADCA600A15DCE /* photo4.jpg in Resources */ = {isa = PBXBuildFile; fileRef = 96B5DF751DBADCA600A15DCE /* photo4.jpg */; };
		96B5DF911DBADCA600A15DCE /* photo5.jpg in Resources */ = {isa = PBXBuildFile; fileRef = 96B5DF761DBADCA600A15DCE /* photo5.jpg */; };
		96B5DF921DBADCA600A15DCE /* RootViewController.swift in Sources */ = {isa = PBXBuildFile; fileRef = 96B5DF771DBADCA600A15DCE /* RootViewController.swift */; };
		96B5DF931DBADCA600A15DCE /* SampleData.swift in Sources */ = {isa = PBXBuildFile; fileRef = 96B5DF781DBADCA600A15DCE /* SampleData.swift */; };
		96B5E0161DBBF13400A15DCE /* AppMenuController.swift in Sources */ = {isa = PBXBuildFile; fileRef = 96B5E0151DBBF13400A15DCE /* AppMenuController.swift */; };
/* End PBXBuildFile section */

/* Begin PBXCopyFilesBuildPhase section */
		96B5DEBF1DB8592200A15DCE /* Embed Frameworks */ = {
			isa = PBXCopyFilesBuildPhase;
			buildActionMask = 2147483647;
			dstPath = "";
			dstSubfolderSpec = 10;
			files = (
			);
			name = "Embed Frameworks";
			runOnlyForDeploymentPostprocessing = 0;
		};
/* End PBXCopyFilesBuildPhase section */

/* Begin PBXFileReference section */
		96B5DEA41DB8572600A15DCE /* CardTableView.app */ = {isa = PBXFileReference; explicitFileType = wrapper.application; includeInIndex = 0; path = CardTableView.app; sourceTree = BUILT_PRODUCTS_DIR; };
		96B5DF5D1DBADCA600A15DCE /* AppDelegate.swift */ = {isa = PBXFileReference; fileEncoding = 4; lastKnownFileType = sourcecode.swift; path = AppDelegate.swift; sourceTree = "<group>"; };
		96B5DF5E1DBADCA600A15DCE /* AppToolbarController.swift */ = {isa = PBXFileReference; fileEncoding = 4; lastKnownFileType = sourcecode.swift; path = AppToolbarController.swift; sourceTree = "<group>"; };
		96B5DF601DBADCA600A15DCE /* Assets.xcassets */ = {isa = PBXFileReference; lastKnownFileType = folder.assetcatalog; path = Assets.xcassets; sourceTree = "<group>"; };
		96B5DF621DBADCA600A15DCE /* Base */ = {isa = PBXFileReference; lastKnownFileType = file.storyboard; name = Base; path = Base.lproj/LaunchScreen.storyboard; sourceTree = "<group>"; };
		96B5DF691DBADCA600A15DCE /* CardTableView.swift */ = {isa = PBXFileReference; fileEncoding = 4; lastKnownFileType = sourcecode.swift; path = CardTableView.swift; sourceTree = "<group>"; };
		96B5DF6A1DBADCA600A15DCE /* CardTableViewCell.swift */ = {isa = PBXFileReference; fileEncoding = 4; lastKnownFileType = sourcecode.swift; path = CardTableViewCell.swift; sourceTree = "<group>"; };
		96B5DF6B1DBADCA600A15DCE /* Info.plist */ = {isa = PBXFileReference; fileEncoding = 4; lastKnownFileType = text.plist.xml; path = Info.plist; sourceTree = "<group>"; };
		96B5DF721DBADCA600A15DCE /* photo1.jpg */ = {isa = PBXFileReference; lastKnownFileType = image.jpeg; path = photo1.jpg; sourceTree = "<group>"; };
		96B5DF731DBADCA600A15DCE /* photo2.jpg */ = {isa = PBXFileReference; lastKnownFileType = image.jpeg; path = photo2.jpg; sourceTree = "<group>"; };
		96B5DF741DBADCA600A15DCE /* photo3.jpg */ = {isa = PBXFileReference; lastKnownFileType = image.jpeg; path = photo3.jpg; sourceTree = "<group>"; };
		96B5DF751DBADCA600A15DCE /* photo4.jpg */ = {isa = PBXFileReference; lastKnownFileType = image.jpeg; path = photo4.jpg; sourceTree = "<group>"; };
		96B5DF761DBADCA600A15DCE /* photo5.jpg */ = {isa = PBXFileReference; lastKnownFileType = image.jpeg; path = photo5.jpg; sourceTree = "<group>"; };
		96B5DF771DBADCA600A15DCE /* RootViewController.swift */ = {isa = PBXFileReference; fileEncoding = 4; lastKnownFileType = sourcecode.swift; path = RootViewController.swift; sourceTree = "<group>"; };
		96B5DF781DBADCA600A15DCE /* SampleData.swift */ = {isa = PBXFileReference; fileEncoding = 4; lastKnownFileType = sourcecode.swift; path = SampleData.swift; sourceTree = "<group>"; };
		96B5E0151DBBF13400A15DCE /* AppMenuController.swift */ = {isa = PBXFileReference; fileEncoding = 4; lastKnownFileType = sourcecode.swift; path = AppMenuController.swift; sourceTree = "<group>"; };
/* End PBXFileReference section */

/* Begin PBXFrameworksBuildPhase section */
		96B5DEA11DB8572600A15DCE /* Frameworks */ = {
			isa = PBXFrameworksBuildPhase;
			buildActionMask = 2147483647;
			files = (
			);
			runOnlyForDeploymentPostprocessing = 0;
		};
/* End PBXFrameworksBuildPhase section */

/* Begin PBXGroup section */
		96B5DE9B1DB8572600A15DCE = {
			isa = PBXGroup;
			children = (
				96B5DF5C1DBADCA600A15DCE /* CardTableView */,
				96B5DEA51DB8572600A15DCE /* Products */,
				96B5DFCD1DBBC5A900A15DCE /* Frameworks */,
			);
			sourceTree = "<group>";
		};
		96B5DEA51DB8572600A15DCE /* Products */ = {
			isa = PBXGroup;
			children = (
				96B5DEA41DB8572600A15DCE /* CardTableView.app */,
			);
			name = Products;
			sourceTree = "<group>";
		};
		96B5DF5C1DBADCA600A15DCE /* CardTableView */ = {
			isa = PBXGroup;
			children = (
				96B5DF951DBADCB700A15DCE /* Photos */,
				96B5DF5D1DBADCA600A15DCE /* AppDelegate.swift */,
				96B5E0151DBBF13400A15DCE /* AppMenuController.swift */,
				96B5DF5E1DBADCA600A15DCE /* AppToolbarController.swift */,
				96B5DF771DBADCA600A15DCE /* RootViewController.swift */,
				96B5DF691DBADCA600A15DCE /* CardTableView.swift */,
				96B5DF6A1DBADCA600A15DCE /* CardTableViewCell.swift */,
				96B5DF781DBADCA600A15DCE /* SampleData.swift */,
				96B5DF601DBADCA600A15DCE /* Assets.xcassets */,
				96B5DF611DBADCA600A15DCE /* LaunchScreen.storyboard */,
				96B5DF6B1DBADCA600A15DCE /* Info.plist */,
			);
			path = CardTableView;
			sourceTree = "<group>";
		};
		96B5DF951DBADCB700A15DCE /* Photos */ = {
			isa = PBXGroup;
			children = (
				96B5DF721DBADCA600A15DCE /* photo1.jpg */,
				96B5DF731DBADCA600A15DCE /* photo2.jpg */,
				96B5DF741DBADCA600A15DCE /* photo3.jpg */,
				96B5DF751DBADCA600A15DCE /* photo4.jpg */,
				96B5DF761DBADCA600A15DCE /* photo5.jpg */,
			);
			name = Photos;
			sourceTree = "<group>";
		};
		96B5DFCD1DBBC5A900A15DCE /* Frameworks */ = {
			isa = PBXGroup;
			children = (
			);
			name = Frameworks;
			sourceTree = "<group>";
		};
/* End PBXGroup section */

/* Begin PBXNativeTarget section */
		96B5DEA31DB8572600A15DCE /* CardTableView */ = {
			isa = PBXNativeTarget;
			buildConfigurationList = 96B5DEB61DB8572600A15DCE /* Build configuration list for PBXNativeTarget "CardTableView" */;
			buildPhases = (
				96B5DEA01DB8572600A15DCE /* Sources */,
				96B5DEA11DB8572600A15DCE /* Frameworks */,
				96B5DEA21DB8572600A15DCE /* Resources */,
				96B5DEBF1DB8592200A15DCE /* Embed Frameworks */,
			);
			buildRules = (
			);
			dependencies = (
			);
			name = CardTableView;
			productName = DynamicCardTableViewCell;
			productReference = 96B5DEA41DB8572600A15DCE /* CardTableView.app */;
			productType = "com.apple.product-type.application";
		};
/* End PBXNativeTarget section */

/* Begin PBXProject section */
		96B5DE9C1DB8572600A15DCE /* Project object */ = {
			isa = PBXProject;
			attributes = {
				LastSwiftUpdateCheck = 0800;
				LastUpgradeCheck = 0800;
				ORGANIZATIONNAME = "CosmicMind, Inc.";
				TargetAttributes = {
					96B5DEA31DB8572600A15DCE = {
						CreatedOnToolsVersion = 8.0;
						DevelopmentTeam = 9Z76XCNLGL;
						ProvisioningStyle = Automatic;
					};
				};
			};
			buildConfigurationList = 96B5DE9F1DB8572600A15DCE /* Build configuration list for PBXProject "CardTableView" */;
			compatibilityVersion = "Xcode 3.2";
			developmentRegion = English;
			hasScannedForEncodings = 0;
			knownRegions = (
				en,
				Base,
			);
			mainGroup = 96B5DE9B1DB8572600A15DCE;
			productRefGroup = 96B5DEA51DB8572600A15DCE /* Products */;
			projectDirPath = "";
			projectRoot = "";
			targets = (
				96B5DEA31DB8572600A15DCE /* CardTableView */,
			);
		};
/* End PBXProject section */

/* Begin PBXResourcesBuildPhase section */
		96B5DEA21DB8572600A15DCE /* Resources */ = {
			isa = PBXResourcesBuildPhase;
			buildActionMask = 2147483647;
			files = (
				96B5DF911DBADCA600A15DCE /* photo5.jpg in Resources */,
				96B5DF7E1DBADCA600A15DCE /* LaunchScreen.storyboard in Resources */,
				96B5DF8D1DBADCA600A15DCE /* photo1.jpg in Resources */,
				96B5DF861DBADCA600A15DCE /* Info.plist in Resources */,
				96B5DF7D1DBADCA600A15DCE /* Assets.xcassets in Resources */,
				96B5DF8F1DBADCA600A15DCE /* photo3.jpg in Resources */,
				96B5DF901DBADCA600A15DCE /* photo4.jpg in Resources */,
				96B5DF8E1DBADCA600A15DCE /* photo2.jpg in Resources */,
			);
			runOnlyForDeploymentPostprocessing = 0;
		};
/* End PBXResourcesBuildPhase section */

/* Begin PBXSourcesBuildPhase section */
		96B5DEA01DB8572600A15DCE /* Sources */ = {
			isa = PBXSourcesBuildPhase;
			buildActionMask = 2147483647;
			files = (
				96B5DF921DBADCA600A15DCE /* RootViewController.swift in Sources */,
				96B5DF931DBADCA600A15DCE /* SampleData.swift in Sources */,
				96B5DF7A1DBADCA600A15DCE /* AppDelegate.swift in Sources */,
				96B5DF851DBADCA600A15DCE /* CardTableViewCell.swift in Sources */,
				96B5E0161DBBF13400A15DCE /* AppMenuController.swift in Sources */,
				96B5DF841DBADCA600A15DCE /* CardTableView.swift in Sources */,
				96B5DF7B1DBADCA600A15DCE /* AppToolbarController.swift in Sources */,
			);
			runOnlyForDeploymentPostprocessing = 0;
		};
/* End PBXSourcesBuildPhase section */

/* Begin PBXVariantGroup section */
		96B5DF611DBADCA600A15DCE /* LaunchScreen.storyboard */ = {
			isa = PBXVariantGroup;
			children = (
				96B5DF621DBADCA600A15DCE /* Base */,
			);
			name = LaunchScreen.storyboard;
			sourceTree = "<group>";
		};
/* End PBXVariantGroup section */

/* Begin XCBuildConfiguration section */
		96B5DEB41DB8572600A15DCE /* Debug */ = {
			isa = XCBuildConfiguration;
			buildSettings = {
				ALWAYS_SEARCH_USER_PATHS = NO;
				CLANG_ANALYZER_NONNULL = YES;
				CLANG_CXX_LANGUAGE_STANDARD = "gnu++0x";
				CLANG_CXX_LIBRARY = "libc++";
				CLANG_ENABLE_MODULES = YES;
				CLANG_ENABLE_OBJC_ARC = YES;
				CLANG_WARN_BOOL_CONVERSION = YES;
				CLANG_WARN_CONSTANT_CONVERSION = YES;
				CLANG_WARN_DIRECT_OBJC_ISA_USAGE = YES_ERROR;
				CLANG_WARN_DOCUMENTATION_COMMENTS = YES;
				CLANG_WARN_EMPTY_BODY = YES;
				CLANG_WARN_ENUM_CONVERSION = YES;
				CLANG_WARN_INFINITE_RECURSION = YES;
				CLANG_WARN_INT_CONVERSION = YES;
				CLANG_WARN_OBJC_ROOT_CLASS = YES_ERROR;
				CLANG_WARN_SUSPICIOUS_MOVES = YES;
				CLANG_WARN_UNREACHABLE_CODE = YES;
				CLANG_WARN__DUPLICATE_METHOD_MATCH = YES;
				"CODE_SIGN_IDENTITY[sdk=iphoneos*]" = "iPhone Developer";
				COPY_PHASE_STRIP = NO;
				DEBUG_INFORMATION_FORMAT = dwarf;
				ENABLE_STRICT_OBJC_MSGSEND = YES;
				ENABLE_TESTABILITY = YES;
				GCC_C_LANGUAGE_STANDARD = gnu99;
				GCC_DYNAMIC_NO_PIC = NO;
				GCC_NO_COMMON_BLOCKS = YES;
				GCC_OPTIMIZATION_LEVEL = 0;
				GCC_PREPROCESSOR_DEFINITIONS = (
					"DEBUG=1",
					"$(inherited)",
				);
				GCC_WARN_64_TO_32_BIT_CONVERSION = YES;
				GCC_WARN_ABOUT_RETURN_TYPE = YES_ERROR;
				GCC_WARN_UNDECLARED_SELECTOR = YES;
				GCC_WARN_UNINITIALIZED_AUTOS = YES_AGGRESSIVE;
				GCC_WARN_UNUSED_FUNCTION = YES;
				GCC_WARN_UNUSED_VARIABLE = YES;
				IPHONEOS_DEPLOYMENT_TARGET = 10.0;
				MTL_ENABLE_DEBUG_INFO = YES;
				ONLY_ACTIVE_ARCH = YES;
				SDKROOT = iphoneos;
				SWIFT_ACTIVE_COMPILATION_CONDITIONS = DEBUG;
				SWIFT_OPTIMIZATION_LEVEL = "-Onone";
				TARGETED_DEVICE_FAMILY = "1,2";
			};
			name = Debug;
		};
		96B5DEB51DB8572600A15DCE /* Release */ = {
			isa = XCBuildConfiguration;
			buildSettings = {
				ALWAYS_SEARCH_USER_PATHS = NO;
				CLANG_ANALYZER_NONNULL = YES;
				CLANG_CXX_LANGUAGE_STANDARD = "gnu++0x";
				CLANG_CXX_LIBRARY = "libc++";
				CLANG_ENABLE_MODULES = YES;
				CLANG_ENABLE_OBJC_ARC = YES;
				CLANG_WARN_BOOL_CONVERSION = YES;
				CLANG_WARN_CONSTANT_CONVERSION = YES;
				CLANG_WARN_DIRECT_OBJC_ISA_USAGE = YES_ERROR;
				CLANG_WARN_DOCUMENTATION_COMMENTS = YES;
				CLANG_WARN_EMPTY_BODY = YES;
				CLANG_WARN_ENUM_CONVERSION = YES;
				CLANG_WARN_INFINITE_RECURSION = YES;
				CLANG_WARN_INT_CONVERSION = YES;
				CLANG_WARN_OBJC_ROOT_CLASS = YES_ERROR;
				CLANG_WARN_SUSPICIOUS_MOVES = YES;
				CLANG_WARN_UNREACHABLE_CODE = YES;
				CLANG_WARN__DUPLICATE_METHOD_MATCH = YES;
				"CODE_SIGN_IDENTITY[sdk=iphoneos*]" = "iPhone Developer";
				COPY_PHASE_STRIP = NO;
				DEBUG_INFORMATION_FORMAT = "dwarf-with-dsym";
				ENABLE_NS_ASSERTIONS = NO;
				ENABLE_STRICT_OBJC_MSGSEND = YES;
				GCC_C_LANGUAGE_STANDARD = gnu99;
				GCC_NO_COMMON_BLOCKS = YES;
				GCC_WARN_64_TO_32_BIT_CONVERSION = YES;
				GCC_WARN_ABOUT_RETURN_TYPE = YES_ERROR;
				GCC_WARN_UNDECLARED_SELECTOR = YES;
				GCC_WARN_UNINITIALIZED_AUTOS = YES_AGGRESSIVE;
				GCC_WARN_UNUSED_FUNCTION = YES;
				GCC_WARN_UNUSED_VARIABLE = YES;
				IPHONEOS_DEPLOYMENT_TARGET = 10.0;
				MTL_ENABLE_DEBUG_INFO = NO;
				SDKROOT = iphoneos;
				SWIFT_OPTIMIZATION_LEVEL = "-Owholemodule";
				TARGETED_DEVICE_FAMILY = "1,2";
				VALIDATE_PRODUCT = YES;
			};
			name = Release;
		};
		96B5DEB71DB8572600A15DCE /* Debug */ = {
			isa = XCBuildConfiguration;
			buildSettings = {
				ASSETCATALOG_COMPILER_APPICON_NAME = AppIcon;
				DEVELOPMENT_TEAM = 9Z76XCNLGL;
				INFOPLIST_FILE = "$(SRCROOT)/CardTableView/Info.plist";
				LD_RUNPATH_SEARCH_PATHS = "$(inherited) @executable_path/Frameworks";
				PRODUCT_BUNDLE_IDENTIFIER = io.cosmicmind.CardTableView;
				PRODUCT_NAME = "$(TARGET_NAME)";
				SWIFT_VERSION = 3.0;
			};
			name = Debug;
		};
		96B5DEB81DB8572600A15DCE /* Release */ = {
			isa = XCBuildConfiguration;
			buildSettings = {
				ASSETCATALOG_COMPILER_APPICON_NAME = AppIcon;
				DEVELOPMENT_TEAM = 9Z76XCNLGL;
				INFOPLIST_FILE = "$(SRCROOT)/CardTableView/Info.plist";
				LD_RUNPATH_SEARCH_PATHS = "$(inherited) @executable_path/Frameworks";
				PRODUCT_BUNDLE_IDENTIFIER = io.cosmicmind.CardTableView;
				PRODUCT_NAME = "$(TARGET_NAME)";
				SWIFT_VERSION = 3.0;
			};
			name = Release;
		};
/* End XCBuildConfiguration section */

/* Begin XCConfigurationList section */
		96B5DE9F1DB8572600A15DCE /* Build configuration list for PBXProject "CardTableView" */ = {
			isa = XCConfigurationList;
			buildConfigurations = (
				96B5DEB41DB8572600A15DCE /* Debug */,
				96B5DEB51DB8572600A15DCE /* Release */,
			);
			defaultConfigurationIsVisible = 0;
			defaultConfigurationName = Release;
		};
		96B5DEB61DB8572600A15DCE /* Build configuration list for PBXNativeTarget "CardTableView" */ = {
			isa = XCConfigurationList;
			buildConfigurations = (
				96B5DEB71DB8572600A15DCE /* Debug */,
				96B5DEB81DB8572600A15DCE /* Release */,
			);
			defaultConfigurationIsVisible = 0;
			defaultConfigurationName = Release;
		};
/* End XCConfigurationList section */
	};
	rootObject = 96B5DE9C1DB8572600A15DCE /* Project object */;
}
