// !$*UTF8*$!
{
	archiveVersion = 1;
	classes = {
	};
	objectVersion = 46;
	objects = {

/* Begin PBXBuildFile section */
		961730B91E1C28C600A9A297 /* NotesViewController.swift in Sources */ = {isa = PBXBuildFile; fileRef = 961730B81E1C28C600A9A297 /* NotesViewController.swift */; };
		961730BB1E1C28DA00A9A297 /* RemindersViewController.swift in Sources */ = {isa = PBXBuildFile; fileRef = 961730BA1E1C28DA00A9A297 /* RemindersViewController.swift */; };
		96A183781E0C7CA800083C30 /* AppDelegate.swift in Sources */ = {isa = PBXBuildFile; fileRef = 96A183771E0C7CA800083C30 /* AppDelegate.swift */; };
		96A1837A1E0C7CA800083C30 /* ViewController.swift in Sources */ = {isa = PBXBuildFile; fileRef = 96A183791E0C7CA800083C30 /* ViewController.swift */; };
		96A1837F1E0C7CA800083C30 /* Assets.xcassets in Resources */ = {isa = PBXBuildFile; fileRef = 96A1837E1E0C7CA800083C30 /* Assets.xcassets */; };
		96A183821E0C7CA800083C30 /* LaunchScreen.storyboard in Resources */ = {isa = PBXBuildFile; fileRef = 96A183801E0C7CA800083C30 /* LaunchScreen.storyboard */; };
		96A1838A1E0C7D1F00083C30 /* AppFABMenuController.swift in Sources */ = {isa = PBXBuildFile; fileRef = 96A183891E0C7D1F00083C30 /* AppFABMenuController.swift */; };
/* End PBXBuildFile section */

/* Begin PBXCopyFilesBuildPhase section */
		96A1838E1E0C85A800083C30 /* Embed Frameworks */ = {
			isa = PBXCopyFilesBuildPhase;
			buildActionMask = 2147483647;
			dstPath = "";
			dstSubfolderSpec = 10;
			files = (
			);
			name = "Embed Frameworks";
			runOnlyForDeploymentPostprocessing = 0;
		};
/* End PBXCopyFilesBuildPhase section */

/* Begin PBXFileReference section */
		961730B81E1C28C600A9A297 /* NotesViewController.swift */ = {isa = PBXFileReference; fileEncoding = 4; lastKnownFileType = sourcecode.swift; path = NotesViewController.swift; sourceTree = "<group>"; };
		961730BA1E1C28DA00A9A297 /* RemindersViewController.swift */ = {isa = PBXFileReference; fileEncoding = 4; lastKnownFileType = sourcecode.swift; path = RemindersViewController.swift; sourceTree = "<group>"; };
		96A183741E0C7CA800083C30 /* FABMenuController.app */ = {isa = PBXFileReference; explicitFileType = wrapper.application; includeInIndex = 0; path = FABMenuController.app; sourceTree = BUILT_PRODUCTS_DIR; };
		96A183771E0C7CA800083C30 /* AppDelegate.swift */ = {isa = PBXFileReference; lastKnownFileType = sourcecode.swift; path = AppDelegate.swift; sourceTree = "<group>"; };
		96A183791E0C7CA800083C30 /* ViewController.swift */ = {isa = PBXFileReference; lastKnownFileType = sourcecode.swift; path = ViewController.swift; sourceTree = "<group>"; };
		96A1837E1E0C7CA800083C30 /* Assets.xcassets */ = {isa = PBXFileReference; lastKnownFileType = folder.assetcatalog; path = Assets.xcassets; sourceTree = "<group>"; };
		96A183811E0C7CA800083C30 /* Base */ = {isa = PBXFileReference; lastKnownFileType = file.storyboard; name = Base; path = Base.lproj/LaunchScreen.storyboard; sourceTree = "<group>"; };
		96A183831E0C7CA800083C30 /* Info.plist */ = {isa = PBXFileReference; lastKnownFileType = text.plist.xml; path = Info.plist; sourceTree = "<group>"; };
		96A183891E0C7D1F00083C30 /* AppFABMenuController.swift */ = {isa = PBXFileReference; fileEncoding = 4; lastKnownFileType = sourcecode.swift; path = AppFABMenuController.swift; sourceTree = "<group>"; };
/* End PBXFileReference section */

/* Begin PBXFrameworksBuildPhase section */
		96A183711E0C7CA800083C30 /* Frameworks */ = {
			isa = PBXFrameworksBuildPhase;
			buildActionMask = 2147483647;
			files = (
			);
			runOnlyForDeploymentPostprocessing = 0;
		};
/* End PBXFrameworksBuildPhase section */

/* Begin PBXGroup section */
		96A1836B1E0C7CA800083C30 = {
			isa = PBXGroup;
			children = (
				96A183761E0C7CA800083C30 /* FABMenuController */,
				96A183751E0C7CA800083C30 /* Products */,
			);
			sourceTree = "<group>";
		};
		96A183751E0C7CA800083C30 /* Products */ = {
			isa = PBXGroup;
			children = (
				96A183741E0C7CA800083C30 /* FABMenuController.app */,
			);
			name = Products;
			sourceTree = "<group>";
		};
		96A183761E0C7CA800083C30 /* FABMenuController */ = {
			isa = PBXGroup;
			children = (
				96A183771E0C7CA800083C30 /* AppDelegate.swift */,
				96A183891E0C7D1F00083C30 /* AppFABMenuController.swift */,
				96A183791E0C7CA800083C30 /* ViewController.swift */,
				961730B81E1C28C600A9A297 /* NotesViewController.swift */,
				961730BA1E1C28DA00A9A297 /* RemindersViewController.swift */,
				96A1837E1E0C7CA800083C30 /* Assets.xcassets */,
				96A183801E0C7CA800083C30 /* LaunchScreen.storyboard */,
				96A183831E0C7CA800083C30 /* Info.plist */,
			);
			path = FABMenuController;
			sourceTree = "<group>";
		};
/* End PBXGroup section */

/* Begin PBXNativeTarget section */
		96A183731E0C7CA800083C30 /* FABMenuController */ = {
			isa = PBXNativeTarget;
			buildConfigurationList = 96A183861E0C7CA800083C30 /* Build configuration list for PBXNativeTarget "FABMenuController" */;
			buildPhases = (
				96A183701E0C7CA800083C30 /* Sources */,
				96A183711E0C7CA800083C30 /* Frameworks */,
				96A183721E0C7CA800083C30 /* Resources */,
				96A1838E1E0C85A800083C30 /* Embed Frameworks */,
			);
			buildRules = (
			);
			dependencies = (
			);
			name = FABMenuController;
			productName = FABMenuController;
			productReference = 96A183741E0C7CA800083C30 /* FABMenuController.app */;
			productType = "com.apple.product-type.application";
		};
/* End PBXNativeTarget section */

/* Begin PBXProject section */
		96A1836C1E0C7CA800083C30 /* Project object */ = {
			isa = PBXProject;
			attributes = {
				LastSwiftUpdateCheck = 0820;
				LastUpgradeCheck = 0820;
				ORGANIZATIONNAME = "CosmicMind, Inc.";
				TargetAttributes = {
					96A183731E0C7CA800083C30 = {
						CreatedOnToolsVersion = 8.2.1;
						ProvisioningStyle = Automatic;
					};
				};
			};
			buildConfigurationList = 96A1836F1E0C7CA800083C30 /* Build configuration list for PBXProject "FABMenuController" */;
			compatibilityVersion = "Xcode 3.2";
			developmentRegion = English;
			hasScannedForEncodings = 0;
			knownRegions = (
				en,
				Base,
			);
			mainGroup = 96A1836B1E0C7CA800083C30;
			productRefGroup = 96A183751E0C7CA800083C30 /* Products */;
			projectDirPath = "";
			projectRoot = "";
			targets = (
				96A183731E0C7CA800083C30 /* FABMenuController */,
			);
		};
/* End PBXProject section */

/* Begin PBXResourcesBuildPhase section */
		96A183721E0C7CA800083C30 /* Resources */ = {
			isa = PBXResourcesBuildPhase;
			buildActionMask = 2147483647;
			files = (
				96A183821E0C7CA800083C30 /* LaunchScreen.storyboard in Resources */,
				96A1837F1E0C7CA800083C30 /* Assets.xcassets in Resources */,
			);
			runOnlyForDeploymentPostprocessing = 0;
		};
/* End PBXResourcesBuildPhase section */

/* Begin PBXSourcesBuildPhase section */
		96A183701E0C7CA800083C30 /* Sources */ = {
			isa = PBXSourcesBuildPhase;
			buildActionMask = 2147483647;
			files = (
				961730B91E1C28C600A9A297 /* NotesViewController.swift in Sources */,
				96A1837A1E0C7CA800083C30 /* ViewController.swift in Sources */,
				96A183781E0C7CA800083C30 /* AppDelegate.swift in Sources */,
				961730BB1E1C28DA00A9A297 /* RemindersViewController.swift in Sources */,
				96A1838A1E0C7D1F00083C30 /* AppFABMenuController.swift in Sources */,
			);
			runOnlyForDeploymentPostprocessing = 0;
		};
/* End PBXSourcesBuildPhase section */

/* Begin PBXVariantGroup section */
		96A183801E0C7CA800083C30 /* LaunchScreen.storyboard */ = {
			isa = PBXVariantGroup;
			children = (
				96A183811E0C7CA800083C30 /* Base */,
			);
			name = LaunchScreen.storyboard;
			sourceTree = "<group>";
		};
/* End PBXVariantGroup section */

/* Begin XCBuildConfiguration section */
		96A183841E0C7CA800083C30 /* Debug */ = {
			isa = XCBuildConfiguration;
			buildSettings = {
				ALWAYS_SEARCH_USER_PATHS = NO;
				CLANG_ANALYZER_NONNULL = YES;
				CLANG_CXX_LANGUAGE_STANDARD = "gnu++0x";
				CLANG_CXX_LIBRARY = "libc++";
				CLANG_ENABLE_MODULES = YES;
				CLANG_ENABLE_OBJC_ARC = YES;
				CLANG_WARN_BOOL_CONVERSION = YES;
				CLANG_WARN_CONSTANT_CONVERSION = YES;
				CLANG_WARN_DIRECT_OBJC_ISA_USAGE = YES_ERROR;
				CLANG_WARN_DOCUMENTATION_COMMENTS = YES;
				CLANG_WARN_EMPTY_BODY = YES;
				CLANG_WARN_ENUM_CONVERSION = YES;
				CLANG_WARN_INFINITE_RECURSION = YES;
				CLANG_WARN_INT_CONVERSION = YES;
				CLANG_WARN_OBJC_ROOT_CLASS = YES_ERROR;
				CLANG_WARN_SUSPICIOUS_MOVE = YES;
				CLANG_WARN_UNREACHABLE_CODE = YES;
				CLANG_WARN__DUPLICATE_METHOD_MATCH = YES;
				"CODE_SIGN_IDENTITY[sdk=iphoneos*]" = "iPhone Developer";
				COPY_PHASE_STRIP = NO;
				DEBUG_INFORMATION_FORMAT = dwarf;
				ENABLE_STRICT_OBJC_MSGSEND = YES;
				ENABLE_TESTABILITY = YES;
				GCC_C_LANGUAGE_STANDARD = gnu99;
				GCC_DYNAMIC_NO_PIC = NO;
				GCC_NO_COMMON_BLOCKS = YES;
				GCC_OPTIMIZATION_LEVEL = 0;
				GCC_PREPROCESSOR_DEFINITIONS = (
					"DEBUG=1",
					"$(inherited)",
				);
				GCC_WARN_64_TO_32_BIT_CONVERSION = YES;
				GCC_WARN_ABOUT_RETURN_TYPE = YES_ERROR;
				GCC_WARN_UNDECLARED_SELECTOR = YES;
				GCC_WARN_UNINITIALIZED_AUTOS = YES_AGGRESSIVE;
				GCC_WARN_UNUSED_FUNCTION = YES;
				GCC_WARN_UNUSED_VARIABLE = YES;
				IPHONEOS_DEPLOYMENT_TARGET = 10.0;
				MTL_ENABLE_DEBUG_INFO = YES;
				ONLY_ACTIVE_ARCH = YES;
				SDKROOT = iphoneos;
				SWIFT_ACTIVE_COMPILATION_CONDITIONS = DEBUG;
				SWIFT_OPTIMIZATION_LEVEL = "-Onone";
				TARGETED_DEVICE_FAMILY = "1,2";
			};
			name = Debug;
		};
		96A183851E0C7CA800083C30 /* Release */ = {
			isa = XCBuildConfiguration;
			buildSettings = {
				ALWAYS_SEARCH_USER_PATHS = NO;
				CLANG_ANALYZER_NONNULL = YES;
				CLANG_CXX_LANGUAGE_STANDARD = "gnu++0x";
				CLANG_CXX_LIBRARY = "libc++";
				CLANG_ENABLE_MODULES = YES;
				CLANG_ENABLE_OBJC_ARC = YES;
				CLANG_WARN_BOOL_CONVERSION = YES;
				CLANG_WARN_CONSTANT_CONVERSION = YES;
				CLANG_WARN_DIRECT_OBJC_ISA_USAGE = YES_ERROR;
				CLANG_WARN_DOCUMENTATION_COMMENTS = YES;
				CLANG_WARN_EMPTY_BODY = YES;
				CLANG_WARN_ENUM_CONVERSION = YES;
				CLANG_WARN_INFINITE_RECURSION = YES;
				CLANG_WARN_INT_CONVERSION = YES;
				CLANG_WARN_OBJC_ROOT_CLASS = YES_ERROR;
				CLANG_WARN_SUSPICIOUS_MOVE = YES;
				CLANG_WARN_UNREACHABLE_CODE = YES;
				CLANG_WARN__DUPLICATE_METHOD_MATCH = YES;
				"CODE_SIGN_IDENTITY[sdk=iphoneos*]" = "iPhone Developer";
				COPY_PHASE_STRIP = NO;
				DEBUG_INFORMATION_FORMAT = "dwarf-with-dsym";
				ENABLE_NS_ASSERTIONS = NO;
				ENABLE_STRICT_OBJC_MSGSEND = YES;
				GCC_C_LANGUAGE_STANDARD = gnu99;
				GCC_NO_COMMON_BLOCKS = YES;
				GCC_WARN_64_TO_32_BIT_CONVERSION = YES;
				GCC_WARN_ABOUT_RETURN_TYPE = YES_ERROR;
				GCC_WARN_UNDECLARED_SELECTOR = YES;
				GCC_WARN_UNINITIALIZED_AUTOS = YES_AGGRESSIVE;
				GCC_WARN_UNUSED_FUNCTION = YES;
				GCC_WARN_UNUSED_VARIABLE = YES;
				IPHONEOS_DEPLOYMENT_TARGET = 10.0;
				MTL_ENABLE_DEBUG_INFO = NO;
				SDKROOT = iphoneos;
				SWIFT_OPTIMIZATION_LEVEL = "-Owholemodule";
				TARGETED_DEVICE_FAMILY = "1,2";
				VALIDATE_PRODUCT = YES;
			};
			name = Release;
		};
		96A183871E0C7CA800083C30 /* Debug */ = {
			isa = XCBuildConfiguration;
			buildSettings = {
				ASSETCATALOG_COMPILER_APPICON_NAME = AppIcon;
				DEVELOPMENT_TEAM = "";
				INFOPLIST_FILE = FABMenuController/Info.plist;
				LD_RUNPATH_SEARCH_PATHS = "$(inherited) @executable_path/Frameworks";
				PRODUCT_BUNDLE_IDENTIFIER = io.cosmicmind.FABMenuController;
				PRODUCT_NAME = "$(TARGET_NAME)";
				SWIFT_VERSION = 3.0;
			};
			name = Debug;
		};
		96A183881E0C7CA800083C30 /* Release */ = {
			isa = XCBuildConfiguration;
			buildSettings = {
				ASSETCATALOG_COMPILER_APPICON_NAME = AppIcon;
				DEVELOPMENT_TEAM = "";
				INFOPLIST_FILE = FABMenuController/Info.plist;
				LD_RUNPATH_SEARCH_PATHS = "$(inherited) @executable_path/Frameworks";
				PRODUCT_BUNDLE_IDENTIFIER = io.cosmicmind.FABMenuController;
				PRODUCT_NAME = "$(TARGET_NAME)";
				SWIFT_VERSION = 3.0;
			};
			name = Release;
		};
/* End XCBuildConfiguration section */

/* Begin XCConfigurationList section */
		96A1836F1E0C7CA800083C30 /* Build configuration list for PBXProject "FABMenuController" */ = {
			isa = XCConfigurationList;
			buildConfigurations = (
				96A183841E0C7CA800083C30 /* Debug */,
				96A183851E0C7CA800083C30 /* Release */,
			);
			defaultConfigurationIsVisible = 0;
			defaultConfigurationName = Release;
		};
		96A183861E0C7CA800083C30 /* Build configuration list for PBXNativeTarget "FABMenuController" */ = {
			isa = XCConfigurationList;
			buildConfigurations = (
				96A183871E0C7CA800083C30 /* Debug */,
				96A183881E0C7CA800083C30 /* Release */,
			);
			defaultConfigurationIsVisible = 0;
			defaultConfigurationName = Release;
		};
/* End XCConfigurationList section */
	};
	rootObject = 96A1836C1E0C7CA800083C30 /* Project object */;
}
