// !$*UTF8*$!
{
	archiveVersion = 1;
	classes = {
	};
	objectVersion = 46;
	objects = {

/* Begin PBXBuildFile section */
		9606CFBA1E958184006B4E74 /* AppDelegate.swift in Sources */ = {isa = PBXBuildFile; fileRef = 9606CFB91E958184006B4E74 /* AppDelegate.swift */; };
		9606CFC11E958184006B4E74 /* Assets.xcassets in Resources */ = {isa = PBXBuildFile; fileRef = 9606CFC01E958184006B4E74 /* Assets.xcassets */; };
		9606CFC41E958184006B4E74 /* LaunchScreen.storyboard in Resources */ = {isa = PBXBuildFile; fileRef = 9606CFC21E958184006B4E74 /* LaunchScreen.storyboard */; };
		9606CFCC1E9581F5006B4E74 /* RedViewController.swift in Sources */ = {isa = PBXBuildFile; fileRef = 9606CFCB1E9581F5006B4E74 /* RedViewController.swift */; };
		9606CFCE1E958209006B4E74 /* GreenViewController.swift in Sources */ = {isa = PBXBuildFile; fileRef = 9606CFCD1E958209006B4E74 /* GreenViewController.swift */; };
		9606CFD01E958216006B4E74 /* BlueViewController.swift in Sources */ = {isa = PBXBuildFile; fileRef = 9606CFCF1E958216006B4E74 /* BlueViewController.swift */; };
/* End PBXBuildFile section */

/* Begin PBXCopyFilesBuildPhase section */
		9606CFD41E958A62006B4E74 /* Embed Frameworks */ = {
			isa = PBXCopyFilesBuildPhase;
			buildActionMask = 2147483647;
			dstPath = "";
			dstSubfolderSpec = 10;
			files = (
			);
			name = "Embed Frameworks";
			runOnlyForDeploymentPostprocessing = 0;
		};
/* End PBXCopyFilesBuildPhase section */

/* Begin PBXFileReference section */
		9606CFB61E958184006B4E74 /* TabMenuController.app */ = {isa = PBXFileReference; explicitFileType = wrapper.application; includeInIndex = 0; path = TabMenuController.app; sourceTree = BUILT_PRODUCTS_DIR; };
		9606CFB91E958184006B4E74 /* AppDelegate.swift */ = {isa = PBXFileReference; lastKnownFileType = sourcecode.swift; path = AppDelegate.swift; sourceTree = "<group>"; };
		9606CFC01E958184006B4E74 /* Assets.xcassets */ = {isa = PBXFileReference; lastKnownFileType = folder.assetcatalog; path = Assets.xcassets; sourceTree = "<group>"; };
		9606CFC31E958184006B4E74 /* Base */ = {isa = PBXFileReference; lastKnownFileType = file.storyboard; name = Base; path = Base.lproj/LaunchScreen.storyboard; sourceTree = "<group>"; };
		9606CFC51E958184006B4E74 /* Info.plist */ = {isa = PBXFileReference; lastKnownFileType = text.plist.xml; path = Info.plist; sourceTree = "<group>"; };
		9606CFCB1E9581F5006B4E74 /* RedViewController.swift */ = {isa = PBXFileReference; fileEncoding = 4; lastKnownFileType = sourcecode.swift; path = RedViewController.swift; sourceTree = "<group>"; };
		9606CFCD1E958209006B4E74 /* GreenViewController.swift */ = {isa = PBXFileReference; fileEncoding = 4; lastKnownFileType = sourcecode.swift; path = GreenViewController.swift; sourceTree = "<group>"; };
		9606CFCF1E958216006B4E74 /* BlueViewController.swift */ = {isa = PBXFileReference; fileEncoding = 4; lastKnownFileType = sourcecode.swift; path = BlueViewController.swift; sourceTree = "<group>"; };
/* End PBXFileReference section */

/* Begin PBXFrameworksBuildPhase section */
		9606CFB31E958184006B4E74 /* Frameworks */ = {
			isa = PBXFrameworksBuildPhase;
			buildActionMask = 2147483647;
			files = (
			);
			runOnlyForDeploymentPostprocessing = 0;
		};
/* End PBXFrameworksBuildPhase section */

/* Begin PBXGroup section */
		9606CFAD1E958184006B4E74 = {
			isa = PBXGroup;
			children = (
				9606CFB81E958184006B4E74 /* TabMenuController */,
				9606CFB71E958184006B4E74 /* Products */,
			);
			sourceTree = "<group>";
		};
		9606CFB71E958184006B4E74 /* Products */ = {
			isa = PBXGroup;
			children = (
				9606CFB61E958184006B4E74 /* TabMenuController.app */,
			);
			name = Products;
			sourceTree = "<group>";
		};
		9606CFB81E958184006B4E74 /* TabMenuController */ = {
			isa = PBXGroup;
			children = (
				9606CFB91E958184006B4E74 /* AppDelegate.swift */,
				9606CFCB1E9581F5006B4E74 /* RedViewController.swift */,
				9606CFCD1E958209006B4E74 /* GreenViewController.swift */,
				9606CFCF1E958216006B4E74 /* BlueViewController.swift */,
				9606CFC01E958184006B4E74 /* Assets.xcassets */,
				9606CFC21E958184006B4E74 /* LaunchScreen.storyboard */,
				9606CFC51E958184006B4E74 /* Info.plist */,
			);
			path = TabMenuController;
			sourceTree = "<group>";
		};
/* End PBXGroup section */

/* Begin PBXNativeTarget section */
		9606CFB51E958184006B4E74 /* TabMenuController */ = {
			isa = PBXNativeTarget;
			buildConfigurationList = 9606CFC81E958184006B4E74 /* Build configuration list for PBXNativeTarget "TabMenuController" */;
			buildPhases = (
				9606CFB21E958184006B4E74 /* Sources */,
				9606CFB31E958184006B4E74 /* Frameworks */,
				9606CFB41E958184006B4E74 /* Resources */,
				9606CFD41E958A62006B4E74 /* Embed Frameworks */,
			);
			buildRules = (
			);
			dependencies = (
			);
			name = TabMenuController;
			productName = TabMenuController;
			productReference = 9606CFB61E958184006B4E74 /* TabMenuController.app */;
			productType = "com.apple.product-type.application";
		};
/* End PBXNativeTarget section */

/* Begin PBXProject section */
		9606CFAE1E958184006B4E74 /* Project object */ = {
			isa = PBXProject;
			attributes = {
				LastSwiftUpdateCheck = 0830;
				LastUpgradeCheck = 0830;
				ORGANIZATIONNAME = "CosmicMind, Inc.";
				TargetAttributes = {
					9606CFB51E958184006B4E74 = {
						CreatedOnToolsVersion = 8.3;
						DevelopmentTeam = 9Z76XCNLGL;
						ProvisioningStyle = Automatic;
					};
				};
			};
			buildConfigurationList = 9606CFB11E958184006B4E74 /* Build configuration list for PBXProject "TabMenuController" */;
			compatibilityVersion = "Xcode 3.2";
			developmentRegion = English;
			hasScannedForEncodings = 0;
			knownRegions = (
				en,
				Base,
			);
			mainGroup = 9606CFAD1E958184006B4E74;
			productRefGroup = 9606CFB71E958184006B4E74 /* Products */;
			projectDirPath = "";
			projectRoot = "";
			targets = (
				9606CFB51E958184006B4E74 /* TabMenuController */,
			);
		};
/* End PBXProject section */

/* Begin PBXResourcesBuildPhase section */
		9606CFB41E958184006B4E74 /* Resources */ = {
			isa = PBXResourcesBuildPhase;
			buildActionMask = 2147483647;
			files = (
				9606CFC41E958184006B4E74 /* LaunchScreen.storyboard in Resources */,
				9606CFC11E958184006B4E74 /* Assets.xcassets in Resources */,
			);
			runOnlyForDeploymentPostprocessing = 0;
		};
/* End PBXResourcesBuildPhase section */

/* Begin PBXSourcesBuildPhase section */
		9606CFB21E958184006B4E74 /* Sources */ = {
			isa = PBXSourcesBuildPhase;
			buildActionMask = 2147483647;
			files = (
				9606CFCE1E958209006B4E74 /* GreenViewController.swift in Sources */,
				9606CFCC1E9581F5006B4E74 /* RedViewController.swift in Sources */,
				9606CFD01E958216006B4E74 /* BlueViewController.swift in Sources */,
				9606CFBA1E958184006B4E74 /* AppDelegate.swift in Sources */,
			);
			runOnlyForDeploymentPostprocessing = 0;
		};
/* End PBXSourcesBuildPhase section */

/* Begin PBXVariantGroup section */
		9606CFC21E958184006B4E74 /* LaunchScreen.storyboard */ = {
			isa = PBXVariantGroup;
			children = (
				9606CFC31E958184006B4E74 /* Base */,
			);
			name = LaunchScreen.storyboard;
			sourceTree = "<group>";
		};
/* End PBXVariantGroup section */

/* Begin XCBuildConfiguration section */
		9606CFC61E958184006B4E74 /* Debug */ = {
			isa = XCBuildConfiguration;
			buildSettings = {
				ALWAYS_SEARCH_USER_PATHS = NO;
				CLANG_ANALYZER_NONNULL = YES;
				CLANG_ANALYZER_NUMBER_OBJECT_CONVERSION = YES_AGGRESSIVE;
				CLANG_CXX_LANGUAGE_STANDARD = "gnu++0x";
				CLANG_CXX_LIBRARY = "libc++";
				CLANG_ENABLE_MODULES = YES;
				CLANG_ENABLE_OBJC_ARC = YES;
				CLANG_WARN_BOOL_CONVERSION = YES;
				CLANG_WARN_CONSTANT_CONVERSION = YES;
				CLANG_WARN_DIRECT_OBJC_ISA_USAGE = YES_ERROR;
				CLANG_WARN_DOCUMENTATION_COMMENTS = YES;
				CLANG_WARN_EMPTY_BODY = YES;
				CLANG_WARN_ENUM_CONVERSION = YES;
				CLANG_WARN_INFINITE_RECURSION = YES;
				CLANG_WARN_INT_CONVERSION = YES;
				CLANG_WARN_OBJC_ROOT_CLASS = YES_ERROR;
				CLANG_WARN_SUSPICIOUS_MOVE = YES;
				CLANG_WARN_UNREACHABLE_CODE = YES;
				CLANG_WARN__DUPLICATE_METHOD_MATCH = YES;
				"CODE_SIGN_IDENTITY[sdk=iphoneos*]" = "iPhone Developer";
				COPY_PHASE_STRIP = NO;
				DEBUG_INFORMATION_FORMAT = dwarf;
				ENABLE_STRICT_OBJC_MSGSEND = YES;
				ENABLE_TESTABILITY = YES;
				GCC_C_LANGUAGE_STANDARD = gnu99;
				GCC_DYNAMIC_NO_PIC = NO;
				GCC_NO_COMMON_BLOCKS = YES;
				GCC_OPTIMIZATION_LEVEL = 0;
				GCC_PREPROCESSOR_DEFINITIONS = (
					"DEBUG=1",
					"$(inherited)",
				);
				GCC_WARN_64_TO_32_BIT_CONVERSION = YES;
				GCC_WARN_ABOUT_RETURN_TYPE = YES_ERROR;
				GCC_WARN_UNDECLARED_SELECTOR = YES;
				GCC_WARN_UNINITIALIZED_AUTOS = YES_AGGRESSIVE;
				GCC_WARN_UNUSED_FUNCTION = YES;
				GCC_WARN_UNUSED_VARIABLE = YES;
				IPHONEOS_DEPLOYMENT_TARGET = 10.2;
				MTL_ENABLE_DEBUG_INFO = YES;
				ONLY_ACTIVE_ARCH = YES;
				SDKROOT = iphoneos;
				SWIFT_ACTIVE_COMPILATION_CONDITIONS = DEBUG;
				SWIFT_OPTIMIZATION_LEVEL = "-Onone";
				TARGETED_DEVICE_FAMILY = "1,2";
			};
			name = Debug;
		};
		9606CFC71E958184006B4E74 /* Release */ = {
			isa = XCBuildConfiguration;
			buildSettings = {
				ALWAYS_SEARCH_USER_PATHS = NO;
				CLANG_ANALYZER_NONNULL = YES;
				CLANG_ANALYZER_NUMBER_OBJECT_CONVERSION = YES_AGGRESSIVE;
				CLANG_CXX_LANGUAGE_STANDARD = "gnu++0x";
				CLANG_CXX_LIBRARY = "libc++";
				CLANG_ENABLE_MODULES = YES;
				CLANG_ENABLE_OBJC_ARC = YES;
				CLANG_WARN_BOOL_CONVERSION = YES;
				CLANG_WARN_CONSTANT_CONVERSION = YES;
				CLANG_WARN_DIRECT_OBJC_ISA_USAGE = YES_ERROR;
				CLANG_WARN_DOCUMENTATION_COMMENTS = YES;
				CLANG_WARN_EMPTY_BODY = YES;
				CLANG_WARN_ENUM_CONVERSION = YES;
				CLANG_WARN_INFINITE_RECURSION = YES;
				CLANG_WARN_INT_CONVERSION = YES;
				CLANG_WARN_OBJC_ROOT_CLASS = YES_ERROR;
				CLANG_WARN_SUSPICIOUS_MOVE = YES;
				CLANG_WARN_UNREACHABLE_CODE = YES;
				CLANG_WARN__DUPLICATE_METHOD_MATCH = YES;
				"CODE_SIGN_IDENTITY[sdk=iphoneos*]" = "iPhone Developer";
				COPY_PHASE_STRIP = NO;
				DEBUG_INFORMATION_FORMAT = "dwarf-with-dsym";
				ENABLE_NS_ASSERTIONS = NO;
				ENABLE_STRICT_OBJC_MSGSEND = YES;
				GCC_C_LANGUAGE_STANDARD = gnu99;
				GCC_NO_COMMON_BLOCKS = YES;
				GCC_WARN_64_TO_32_BIT_CONVERSION = YES;
				GCC_WARN_ABOUT_RETURN_TYPE = YES_ERROR;
				GCC_WARN_UNDECLARED_SELECTOR = YES;
				GCC_WARN_UNINITIALIZED_AUTOS = YES_AGGRESSIVE;
				GCC_WARN_UNUSED_FUNCTION = YES;
				GCC_WARN_UNUSED_VARIABLE = YES;
				IPHONEOS_DEPLOYMENT_TARGET = 10.2;
				MTL_ENABLE_DEBUG_INFO = NO;
				SDKROOT = iphoneos;
				SWIFT_OPTIMIZATION_LEVEL = "-Owholemodule";
				TARGETED_DEVICE_FAMILY = "1,2";
				VALIDATE_PRODUCT = YES;
			};
			name = Release;
		};
		9606CFC91E958184006B4E74 /* Debug */ = {
			isa = XCBuildConfiguration;
			buildSettings = {
				ASSETCATALOG_COMPILER_APPICON_NAME = AppIcon;
				DEVELOPMENT_TEAM = 9Z76XCNLGL;
				INFOPLIST_FILE = TabMenuController/Info.plist;
				LD_RUNPATH_SEARCH_PATHS = "$(inherited) @executable_path/Frameworks";
				PRODUCT_BUNDLE_IDENTIFIER = com.cosmicmind.TabMenuController;
				PRODUCT_NAME = "$(TARGET_NAME)";
				SWIFT_VERSION = 3.0;
			};
			name = Debug;
		};
		9606CFCA1E958184006B4E74 /* Release */ = {
			isa = XCBuildConfiguration;
			buildSettings = {
				ASSETCATALOG_COMPILER_APPICON_NAME = AppIcon;
				DEVELOPMENT_TEAM = 9Z76XCNLGL;
				INFOPLIST_FILE = TabMenuController/Info.plist;
				LD_RUNPATH_SEARCH_PATHS = "$(inherited) @executable_path/Frameworks";
				PRODUCT_BUNDLE_IDENTIFIER = com.cosmicmind.TabMenuController;
				PRODUCT_NAME = "$(TARGET_NAME)";
				SWIFT_VERSION = 3.0;
			};
			name = Release;
		};
/* End XCBuildConfiguration section */

/* Begin XCConfigurationList section */
		9606CFB11E958184006B4E74 /* Build configuration list for PBXProject "TabMenuController" */ = {
			isa = XCConfigurationList;
			buildConfigurations = (
				9606CFC61E958184006B4E74 /* Debug */,
				9606CFC71E958184006B4E74 /* Release */,
			);
			defaultConfigurationIsVisible = 0;
			defaultConfigurationName = Release;
		};
		9606CFC81E958184006B4E74 /* Build configuration list for PBXNativeTarget "TabMenuController" */ = {
			isa = XCConfigurationList;
			buildConfigurations = (
				9606CFC91E958184006B4E74 /* Debug */,
				9606CFCA1E958184006B4E74 /* Release */,
			);
			defaultConfigurationIsVisible = 0;
			defaultConfigurationName = Release;
		};
/* End XCConfigurationList section */
	};
	rootObject = 9606CFAE1E958184006B4E74 /* Project object */;
}
